#MicroXplorer Configuration settings - do not modify
Mcu.Family=STM32H7
RCC.DIVQ2Freq_Value=129000000
ProjectManager.MainLocation=Core/Src
PG8.Mode=CTS_RTS
PA6.Mode=Full_Duplex_Master
PH0-OSC_IN.Signal=RCC_OSC_IN
SPI2.VirtualNSS=VM_NSSHARD
RCC.SAI1Freq_Value=129000000
USART2.IPParameters=VirtualMode-Asynchronous
RCC.CortexFreq_Value=64000000
SPI3.Direction=SPI_DIRECTION_2LINES
SPI4.VirtualType=VM_MASTER
SPI3.VirtualType=VM_MASTER
ProjectManager.KeepUserCode=true
Mcu.UserName=STM32H725ZGTx
SPI1.VirtualType=VM_MASTER
SPI2.VirtualType=VM_MASTER
PB10.Mode=I2C
PA15(JTDI).Signal=SPI1_NSS
PG8.Signal=USART6_RTS
PC10.Signal=I2C5_SDA
SPI4.Direction=SPI_DIRECTION_2LINES
ProjectManager.functionlistsort=1-SystemClock_Config-RCC-false-HAL-false,0-MX_CORTEX_M7_Init-CORTEX_M7-false-HAL-true
PA13(JTMS/SWDIO).Signal=DEBUG_JTMS-SWDIO
PA11.Mode=CTS_RTS
RCC.RTCFreq_Value=32000
RCC.CpuClockFreq_Value=64000000
RCC.VCO2OutputFreq_Value=258000000
USART1.IPParameters=VirtualMode-Asynchronous
PB11.Signal=I2C2_SDA
PB13.Signal=SPI2_SCK
PB15.Signal=USART1_RX
PB4(NJTRST).Mode=Full_Duplex_Master
PG13.Signal=USART6_CTS
PD9.Mode=Asynchronous
PinOutPanel.RotationAngle=0
RCC.MCO1PinFreq_Value=64000000
ProjectManager.StackSize=0x400
RCC.AHB4Freq_Value=64000000
RCC.VCOInput3Freq_Value=2000000
PA13(JTMS/SWDIO).Mode=Serial_Wire
USART3.VirtualMode-Asynchronous=VM_ASYNC
RCC.LPTIM1Freq_Value=64000000
Mcu.IP4=I2C3
Mcu.IP5=I2C4
Mcu.IP2=I2C1
NVIC.SVCall_IRQn=true\:0\:0\:false\:false\:true\:false\:false
Mcu.IP3=I2C2
Mcu.IP0=CORTEX_M7
Mcu.IP1=DEBUG
PA12.Signal=USART1_RTS
Mcu.UserConstants=
SPI4.Mode=SPI_MODE_MASTER
PA4.Mode=NSS_Signal_Hard_Output
PF7.Signal=SPI5_SCK
RCC.SDMMCFreq_Value=129000000
RCC.DIVP3Freq_Value=129000000
Mcu.ThirdPartyNb=0
SPI1.Direction=SPI_DIRECTION_2LINES
SPI3.VirtualNSS=VM_NSSHARD
RCC.HCLKFreq_Value=64000000
RCC.I2C4Freq_Value=64000000
PE2.Mode=Full_Duplex_Master
Mcu.IPNb=21
ProjectManager.PreviousToolchain=
PB6.Signal=I2C1_SCL
RCC.SPDIFRXFreq_Value=129000000
PC7.Signal=USART6_RX
PB6.Mode=I2C
RCC.DIVQ3Freq_Value=129000000
SPI1.CalculateBaudRate=64.5 MBits/s
Mcu.Pin6=PF8
PD0.Signal=UART4_RX
Mcu.Pin7=PF9
PD8.Signal=USART3_TX
USART6.VirtualMode-Asynchronous=VM_ASYNC
Mcu.Pin8=PH0-OSC_IN
PE5.Signal=SPI4_MISO
Mcu.Pin9=PH1-OSC_OUT
SPI4.IPParameters=VirtualType,Mode,Direction,CalculateBaudRate,VirtualNSS
PC2_C.Signal=SPI2_MISO
PH0-OSC_IN.Mode=HSE-External-Oscillator
Mcu.Pin0=PE2
Mcu.Pin1=PE4
Mcu.Pin2=PE5
Mcu.Pin3=PE6
Mcu.Pin4=PF6
Mcu.Pin5=PF7
ProjectManager.ProjectBuild=false
RCC.DIVR3Freq_Value=129000000
NVIC.UsageFault_IRQn=true\:0\:0\:false\:false\:true\:false\:false
NVIC.DebugMonitor_IRQn=true\:0\:0\:false\:false\:true\:false\:false
PB2.Signal=SPI3_MOSI
Mcu.IP10=SPI2
USART2.VirtualMode-Asynchronous=VM_ASYNC
NVIC.SysTick_IRQn=true\:0\:0\:false\:false\:true\:false\:true
Mcu.IP12=SPI4
Mcu.IP11=SPI3
Mcu.IP18=USART2
ProjectManager.FirmwarePackage=STM32Cube FW_H7 V1.9.0
Mcu.IP17=USART1
MxDb.Version=DB.6.0.21
Mcu.IP19=USART3
RCC.DIVP1Freq_Value=129000000
Mcu.IP14=SYS
PF9.Mode=Full_Duplex_Master
Mcu.IP13=SPI5
Mcu.IP16=UART7
ProjectManager.BackupPrevious=false
RCC.FMCFreq_Value=64000000
Mcu.IP15=UART4
PE9.Signal=UART7_RTS
PB14.Mode=CTS_RTS
PB3(JTDO/TRACESWO).Signal=SPI3_SCK
RCC.USART16Freq_Value=64000000
File.Version=6
PA0.Mode=CTS_RTS
PC9.Mode=I2C
SPI2.CalculateBaudRate=64.5 MBits/s
PE2.Signal=SPI4_SCK
PB7.Signal=I2C1_SDA
PF8.Mode=Full_Duplex_Master
PA8.Signal=I2C3_SCL
Mcu.IP20=USART6
SPI1.VirtualNSS=VM_NSSHARD
PG13.Mode=CTS_RTS
NVIC.PendSV_IRQn=true\:0\:0\:false\:false\:true\:false\:false
PE4.Mode=NSS_Signal_Hard_Output
RCC.DIVR2Freq_Value=129000000
PE4.Signal=SPI4_NSS
PE10.Signal=UART7_CTS
ProjectManager.HalAssertFull=false
RCC.DIVP2Freq_Value=129000000
ProjectManager.ProjectName=OPB-bpe
PF15.Mode=I2C
PA0.Signal=USART2_CTS
RCC.APB3Freq_Value=64000000
PH1-OSC_OUT.Mode=HSE-External-Oscillator
RCC.MCO2PinFreq_Value=64000000
Mcu.Package=LQFP144
PA6.Signal=SPI1_MISO
PB12.Mode=NSS_Signal_Hard_Output
SPI2.Mode=SPI_MODE_MASTER
SPI3.Mode=SPI_MODE_MASTER
PD12.Signal=USART3_RTS
PB3(JTDO/TRACESWO).Mode=Full_Duplex_Master
ProjectManager.ToolChainLocation=
VP_SYS_VS_Systick.Signal=SYS_VS_Systick
USART3.IPParameters=VirtualMode-Asynchronous
PF8.Signal=SPI5_MISO
PE9.Mode=CTS_RTS
RCC.DFSDMFreq_Value=64000000
RCC.DIVR1Freq_Value=129000000
PC11.Mode=I2C
SPI5.CalculateBaudRate=32.0 MBits/s
RCC.TraceFreq_Value=64000000
RCC.APB4Freq_Value=64000000
RCC.CECFreq_Value=32000
PF14.Signal=I2C4_SCL
NVIC.BusFault_IRQn=true\:0\:0\:false\:false\:true\:false\:false
RCC.LPUART1Freq_Value=64000000
SPI3.IPParameters=VirtualType,Mode,Direction,CalculateBaudRate,VirtualNSS
SPI2.Direction=SPI_DIRECTION_2LINES
PB13.Mode=Full_Duplex_Master
PE7.Signal=UART7_RX
SPI5.VirtualType=VM_MASTER
ProjectManager.CustomerFirmwarePackage=
RCC.Tim2OutputFreq_Value=64000000
RCC.DFSDMACLkFreq_Value=129000000
RCC.VCO3OutputFreq_Value=258000000
PA3.Signal=USART2_RX
PA5.Mode=Full_Duplex_Master
ProjectManager.ProjectFileName=OPB-bpe.ioc
PA7.Mode=Full_Duplex_Master
Mcu.PinsNb=59
ProjectManager.NoMain=false
SPI1.IPParameters=VirtualType,Mode,Direction,CalculateBaudRate,VirtualNSS
USART6.IPParameters=VirtualMode-Asynchronous
PC11.Signal=I2C5_SCL
RCC.SWPMI1Freq_Value=64000000
RCC.SAI4BFreq_Value=129000000
PC6.Signal=USART6_TX
PE10.Mode=CTS_RTS
PC10.Mode=I2C
PD1.Signal=UART4_TX
ProjectManager.DefaultFWLocation=true
PD9.Signal=USART3_RX
ProjectManager.DeletePrevious=true
RCC.QSPIFreq_Value=64000000
PB4(NJTRST).Signal=SPI3_MISO
SPI5.Mode=SPI_MODE_MASTER
RCC.FamilyName=M
RCC.SPI6Freq_Value=64000000
PE8.Mode=Asynchronous
RCC.D1CPREFreq_Value=64000000
USART1.VirtualMode-Asynchronous=VM_ASYNC
PA3.Mode=Asynchronous
PF7.Mode=Full_Duplex_Master
RCC.USART234578Freq_Value=64000000
PA9.Mode=Asynchronous
RCC.Tim1OutputFreq_Value=64000000
RCC.SPI45Freq_Value=64000000
Mcu.Pin57=PB7
RCC.SPI123Freq_Value=129000000
Mcu.Pin58=VP_SYS_VS_Systick
PF6.Signal=SPI5_NSS
PB11.Mode=I2C
ProjectManager.TargetToolchain=STM32CubeIDE
Mcu.Pin51=PD0
RCC.VCO1OutputFreq_Value=258000000
Mcu.Pin52=PD1
Mcu.Pin50=PC11
PC6.Mode=Asynchronous
Mcu.Pin55=PB4(NJTRST)
Mcu.Pin56=PB6
Mcu.Pin53=PG13
Mcu.Pin54=PB3(JTDO/TRACESWO)
PA9.Signal=USART1_TX
RCC.AXIClockFreq_Value=64000000
PC2_C.Mode=Full_Duplex_Master
SPI2.IPParameters=VirtualType,Mode,Direction,CalculateBaudRate,VirtualNSS
ProjectManager.RegisterCallBack=
RCC.USBFreq_Value=129000000
SPI4.VirtualNSS=VM_NSSHARD
PD8.Mode=Asynchronous
PA1.Signal=USART2_RTS
Mcu.Pin48=PA15(JTDI)
RCC.CKPERFreq_Value=64000000
Mcu.Pin49=PC10
Mcu.Pin46=PA13(JTMS/SWDIO)
Mcu.Pin47=PA14(JTCK/SWCLK)
PB10.Signal=I2C2_SCL
PB14.Signal=UART4_RTS
PA5.Signal=SPI1_SCK
Mcu.Pin40=PC7
Mcu.Pin41=PC9
Mcu.Pin44=PA11
PB0.Mode=CTS_RTS
Mcu.Pin45=PA12
SPI5.VirtualNSS=VM_NSSHARD
Mcu.Pin42=PA8
board=custom
Mcu.Pin43=PA9
ProjectManager.LastFirmware=true
PB15.Mode=Asynchronous
PD1.Mode=Asynchronous
RCC.VCOInput1Freq_Value=2000000
RCC.AHB12Freq_Value=64000000
RCC.APB2Freq_Value=64000000
PA1.Mode=CTS_RTS
SPI3.CalculateBaudRate=64.5 MBits/s
PE6.Mode=Full_Duplex_Master
MxCube.Version=6.2.1
Mcu.Pin37=PD12
Mcu.Pin38=PG8
Mcu.Pin35=PD9
PE8.Signal=UART7_TX
Mcu.Pin36=PD11
SPI1.Mode=SPI_MODE_MASTER
RCC.FDCANFreq_Value=129000000
Mcu.Pin39=PC6
PF14.Mode=I2C
RCC.RNGFreq_Value=48000000
PE5.Mode=Full_Duplex_Master
Mcu.Pin30=PB12
RCC.ADCFreq_Value=129000000
VP_SYS_VS_Systick.Mode=SysTick
Mcu.Pin33=PB15
PH1-OSC_OUT.Signal=RCC_OSC_OUT
Mcu.Pin34=PD8
Mcu.Pin31=PB13
Mcu.Pin32=PB14
PF15.Signal=I2C4_SDA
NVIC.NonMaskableInt_IRQn=true\:0\:0\:false\:false\:true\:false\:false
SPI4.CalculateBaudRate=32.0 MBits/s
PE6.Signal=SPI4_MOSI
PA14(JTCK/SWCLK).Mode=Serial_Wire
ProjectManager.FreePins=false
RCC.IPParameters=ADCFreq_Value,AHB12Freq_Value,AHB4Freq_Value,APB1Freq_Value,APB2Freq_Value,APB3Freq_Value,APB4Freq_Value,AXIClockFreq_Value,CECFreq_Value,CKPERFreq_Value,CortexFreq_Value,CpuClockFreq_Value,D1CPREFreq_Value,DFSDMACLkFreq_Value,DFSDMFreq_Value,DIVP1Freq_Value,DIVP2Freq_Value,DIVP3Freq_Value,DIVQ1Freq_Value,DIVQ2Freq_Value,DIVQ3Freq_Value,DIVR1Freq_Value,DIVR2Freq_Value,DIVR3Freq_Value,FDCANFreq_Value,FMCFreq_Value,FamilyName,HCLK3ClockFreq_Value,HCLKFreq_Value,I2C123Freq_Value,I2C4Freq_Value,LPTIM1Freq_Value,LPTIM2Freq_Value,LPTIM345Freq_Value,LPUART1Freq_Value,LTDCFreq_Value,MCO1PinFreq_Value,MCO2PinFreq_Value,QSPIFreq_Value,RNGFreq_Value,RTCFreq_Value,SAI1Freq_Value,SAI4AFreq_Value,SAI4BFreq_Value,SDMMCFreq_Value,SPDIFRXFreq_Value,SPI123Freq_Value,SPI45Freq_Value,SPI6Freq_Value,SWPMI1Freq_Value,SYSCLKFreq_VALUE,Tim1OutputFreq_Value,Tim2OutputFreq_Value,TraceFreq_Value,USART16Freq_Value,USART234578Freq_Value,USBFreq_Value,VCO1OutputFreq_Value,VCO2OutputFreq_Value,VCO3OutputFreq_Value,VCOInput1Freq_Value,VCOInput2Freq_Value,VCOInput3Freq_Value
ProjectManager.AskForMigrate=true
Mcu.Name=STM32H725ZGTx
RCC.LPTIM2Freq_Value=64000000
PD0.Mode=Asynchronous
Mcu.Pin26=PE9
Mcu.Pin27=PE10
PA2.Signal=USART2_TX
Mcu.Pin24=PE7
ProjectManager.UnderRoot=true
Mcu.Pin25=PE8
Mcu.IP8=RCC
Mcu.IP9=SPI1
Mcu.Pin28=PB10
Mcu.IP6=I2C5
Mcu.Pin29=PB11
Mcu.IP7=NVIC
ProjectManager.CoupleFile=false
PA4.Signal=SPI3_NSS
RCC.SYSCLKFreq_VALUE=64000000
Mcu.Pin22=PF14
PE7.Mode=Asynchronous
RCC.I2C123Freq_Value=64000000
Mcu.Pin23=PF15
Mcu.Pin20=PB0
Mcu.Pin21=PB2
PD12.Mode=CTS_RTS
PA12.Mode=CTS_RTS
NVIC.ForceEnableDMAVector=true
KeepUserPlacement=false
PD11.Signal=USART3_CTS
NVIC.MemoryManagement_IRQn=true\:0\:0\:false\:false\:true\:false\:false
PB2.Mode=Full_Duplex_Master
ProjectManager.CompilerOptimize=6
PB7.Mode=I2C
PA11.Signal=USART1_CTS
ProjectManager.HeapSize=0x200
Mcu.Pin15=PA3
NVIC.HardFault_IRQn=true\:0\:0\:false\:false\:true\:false\:false
Mcu.Pin16=PA4
Mcu.Pin13=PA1
PD11.Mode=CTS_RTS
Mcu.Pin14=PA2
Mcu.Pin19=PA7
PF6.Mode=NSS_Signal_Hard_Output
RCC.LPTIM345Freq_Value=64000000
ProjectManager.ComputerToolchain=false
PF9.Signal=SPI5_MOSI
Mcu.Pin17=PA5
Mcu.Pin18=PA6
RCC.LTDCFreq_Value=129000000
RCC.SAI4AFreq_Value=129000000
NVIC.PriorityGroup=NVIC_PRIORITYGROUP_4
Mcu.Pin11=PC2_C
Mcu.Pin12=PA0
Mcu.Pin10=PC1
RCC.DIVQ1Freq_Value=129000000
PA2.Mode=Asynchronous
PA8.Mode=I2C
PA14(JTCK/SWCLK).Signal=DEBUG_JTCK-SWCLK
PC9.Signal=I2C3_SDA
PA15(JTDI).Mode=NSS_Signal_Hard_Output
PC7.Mode=Asynchronous
RCC.HCLK3ClockFreq_Value=64000000
RCC.VCOInput2Freq_Value=2000000
RCC.APB1Freq_Value=64000000
SPI5.IPParameters=VirtualType,Mode,Direction,CalculateBaudRate,VirtualNSS
PB0.Signal=UART4_CTS
ProjectManager.DeviceId=STM32H725ZGTx
PC1.Signal=SPI2_MOSI
PB12.Signal=SPI2_NSS
ProjectManager.LibraryCopy=1
PC1.Mode=Full_Duplex_Master
SPI5.Direction=SPI_DIRECTION_2LINES
PA7.Signal=SPI1_MOSI
isbadioc=true
