#MicroXplorer Configuration settings - do not modify
PD7.Mode=Full_Duplex_Master
PH0-OSC_IN.Signal=RCC_OSC_IN
USART2.IPParameters=VirtualMode-Asynchronous
SPI3.Direction=SPI_DIRECTION_2LINES
SPI4.VirtualType=VM_MASTER
SPI3.VirtualType=VM_MASTER
SPI1.VirtualType=VM_MASTER
SPI2.VirtualType=VM_MASTER
PB10.Mode=I2C
PG8.Signal=USART6_RTS
PC3_C.Mode=Full_Duplex_Master
PA13(JTMS/SWDIO).Signal=DEBUG_JTMS-SWDIO
RCC.RTCFreq_Value=32000
RCC.CpuClockFreq_Value=64000000
PC5.Mode=RMII
USART1.IPParameters=VirtualMode-Asynchronous
PB13.Signal=USART3_CTS
PB4(NJTRST).Mode=NSS_Signal_Hard_Output
PG13.Signal=USART6_CTS
PinOutPanel.RotationAngle=0
RCC.MCO1PinFreq_Value=64000000
RCC.AHB4Freq_Value=64000000
USART3.VirtualMode-Asynchronous=VM_ASYNC
RCC.LPTIM1Freq_Value=64000000
NVIC.SVCall_IRQn=true\:0\:0\:false\:false\:true\:false\:false
PA4.Mode=NSS_Signal_Hard_Output
PF7.Signal=SPI5_SCK
SPI1.Direction=SPI_DIRECTION_2LINES
SPI3.VirtualNSS=VM_NSSHARD
RCC.I2C4Freq_Value=64000000
PE2.Mode=Full_Duplex_Master
PD4.Signal=USART2_RTS
PB6.Signal=I2C1_SCL
PC7.Signal=USART6_RX
PB6.Mode=I2C
RCC.DIVQ3Freq_Value=129000000
SPI1.CalculateBaudRate=64.5 MBits/s
PD0.Signal=UART4_RX
PD8.Signal=USART3_TX
USART6.VirtualMode-Asynchronous=VM_ASYNC
PE5.Signal=SPI4_MISO
ProjectManager.ProjectBuild=false
NVIC.UsageFault_IRQn=true\:0\:0\:false\:false\:true\:false\:false
PB2.Signal=SPI3_MOSI
ProjectManager.FirmwarePackage=STM32Cube FW_H7 V1.9.0
MxDb.Version=DB.6.0.21
ProjectManager.BackupPrevious=false
RCC.FMCFreq_Value=64000000
PE9.Signal=UART7_RTS
PB14.Mode=CTS_RTS
RCC.USART16Freq_Value=64000000
PA0.Mode=CTS_RTS
PC9.Mode=I2C
SPI2.CalculateBaudRate=64.5 MBits/s
PE2.Signal=SPI4_SCK
PA8.Signal=I2C3_SCL
PF8.Mode=Full_Duplex_Master
SPI1.VirtualNSS=VM_NSSHARD
NVIC.PendSV_IRQn=true\:0\:0\:false\:false\:true\:false\:false
PD3.Mode=Full_Duplex_Master
RCC.DIVR2Freq_Value=129000000
ProjectManager.HalAssertFull=false
RCC.DIVP2Freq_Value=129000000
PA0.Signal=USART2_CTS
RCC.MCO2PinFreq_Value=64000000
Mcu.Package=LQFP144
SPI2.Mode=SPI_MODE_MASTER
SPI3.Mode=SPI_MODE_MASTER
PD12.Signal=USART3_RTS
VP_SYS_VS_Systick.Signal=SYS_VS_Systick
USART3.IPParameters=VirtualMode-Asynchronous
PA10.Signal=USART1_RX
PE9.Mode=CTS_RTS
RCC.DFSDMFreq_Value=64000000
PC11.Mode=Full_Duplex_Master
SPI5.CalculateBaudRate=32.0 MBits/s
RCC.TraceFreq_Value=64000000
PD4.Mode=CTS_RTS
RCC.APB4Freq_Value=64000000
RCC.CECFreq_Value=32000
PF14.Signal=I2C4_SCL
NVIC.BusFault_IRQn=true\:0\:0\:false\:false\:true\:false\:false
RCC.LPUART1Freq_Value=64000000
PB13.Mode=CTS_RTS
SPI5.VirtualType=VM_MASTER
ProjectManager.CustomerFirmwarePackage=
PC4.Mode=RMII
RCC.VCO3OutputFreq_Value=258000000
PA5.Mode=Full_Duplex_Master
PG12.Signal=ETH_TXD1
ProjectManager.ProjectFileName=OTB-Backplane.ioc
Mcu.PinsNb=70
RCC.SWPMI1Freq_Value=64000000
PD3.Signal=SPI2_SCK
PC6.Signal=USART6_TX
PD7.Signal=SPI1_MOSI
PD1.Signal=UART4_TX
Mcu.Pin68=PB7
Mcu.Pin69=VP_SYS_VS_Systick
PC14-OSC32_IN.Signal=RCC_OSC32_IN
RCC.QSPIFreq_Value=64000000
Mcu.Pin62=PD7
Mcu.Pin63=PG11
PB4(NJTRST).Signal=SPI2_NSS
Mcu.Pin60=PD4
Mcu.Pin61=PD5
Mcu.Pin66=PB4(NJTRST)
Mcu.Pin67=PB6
Mcu.Pin64=PG12
Mcu.Pin65=PG13
ETH.IPParameters=MediaInterface
PE8.Mode=Asynchronous
RCC.D1CPREFreq_Value=64000000
PA3.Mode=Asynchronous
PF1.Mode=I2C
PF11.Mode=Full_Duplex_Master
RCC.USART234578Freq_Value=64000000
RCC.Tim1OutputFreq_Value=64000000
Mcu.Pin59=PD3
Mcu.Pin57=PD0
RCC.SPI123Freq_Value=129000000
Mcu.Pin58=PD1
PB11.Mode=I2C
Mcu.Pin51=PA12
Mcu.Pin52=PA13(JTMS/SWDIO)
Mcu.Pin50=PA11
PC6.Mode=Asynchronous
Mcu.Pin55=PC10
Mcu.Pin56=PC11
Mcu.Pin53=PA14(JTCK/SWCLK)
Mcu.Pin54=PA15(JTDI)
PA9.Signal=USART1_TX
PC2_C.Mode=Full_Duplex_Master
SPI4.VirtualNSS=VM_NSSHARD
PD8.Mode=Asynchronous
Mcu.Pin48=PA9
Mcu.Pin49=PA10
Mcu.Pin46=PC9
Mcu.Pin47=PA8
PB10.Signal=I2C2_SCL
PB14.Signal=UART4_RTS
PA5.Signal=SPI1_SCK
Mcu.Pin40=PD8
Mcu.Pin41=PD9
Mcu.Pin44=PC6
Mcu.Pin45=PC7
Mcu.Pin42=PD12
Mcu.Pin43=PG8
ProjectManager.LastFirmware=true
PD1.Mode=Asynchronous
RCC.AHB12Freq_Value=64000000
PA1.Mode=RMII
PE6.Mode=Full_Duplex_Master
Mcu.Pin37=PB12
Mcu.Pin38=PB13
Mcu.Pin35=PB10
PE8.Signal=UART7_TX
Mcu.Pin36=PB11
SPI1.Mode=SPI_MODE_MASTER
Mcu.Pin39=PB14
RCC.RNGFreq_Value=48000000
Mcu.Pin30=PF14
Mcu.Pin33=PE8
Mcu.Pin34=PE9
Mcu.Pin31=PF15
Mcu.Pin32=PE7
NVIC.NonMaskableInt_IRQn=true\:0\:0\:false\:false\:true\:false\:false
PA14(JTCK/SWCLK).Mode=Serial_Wire
ProjectManager.FreePins=false
RCC.LPTIM2Freq_Value=64000000
Mcu.Pin26=PC5
Mcu.Pin27=PB0
Mcu.Pin24=PA7
ProjectManager.UnderRoot=true
Mcu.Pin25=PC4
Mcu.Pin28=PB2
Mcu.Pin29=PF11
PA4.Signal=SPI3_NSS
ETH.MediaInterface=HAL_ETH_RMII_MODE
Mcu.Pin22=PA5
Mcu.Pin23=PA6
Mcu.Pin20=PA3
Mcu.Pin21=PA4
PD12.Mode=CTS_RTS
PA10.Locked=true
NVIC.ForceEnableDMAVector=true
NVIC.MemoryManagement_IRQn=true\:0\:0\:false\:false\:true\:false\:false
ProjectManager.CompilerOptimize=6
PG11.Mode=RMII
PA11.Signal=USART1_CTS
ProjectManager.HeapSize=0x200
Mcu.Pin15=PC2_C
NVIC.HardFault_IRQn=true\:0\:0\:false\:false\:true\:false\:false
Mcu.Pin16=PC3_C
Mcu.Pin13=PH1-OSC_OUT
Mcu.Pin14=PC1
Mcu.Pin19=PA2
PF6.Mode=NSS_Signal_Hard_Output
RCC.LPTIM345Freq_Value=64000000
ProjectManager.ComputerToolchain=false
PF9.Signal=UART7_CTS
Mcu.Pin17=PA0
Mcu.Pin18=PA1
RCC.LTDCFreq_Value=129000000
NVIC.PriorityGroup=NVIC_PRIORITYGROUP_4
Mcu.Pin11=PF9
Mcu.Pin12=PH0-OSC_IN
Mcu.Pin10=PF8
PA8.Mode=I2C
PA14(JTCK/SWCLK).Signal=DEBUG_JTCK-SWCLK
PA15(JTDI).Mode=NSS_Signal_Hard_Output
RCC.HCLK3ClockFreq_Value=64000000
SPI5.IPParameters=VirtualType,Mode,Direction,CalculateBaudRate,VirtualNSS
PB0.Signal=UART4_CTS
PC1.Signal=ETH_MDC
PC1.Mode=RMII
Mcu.Family=STM32H7
RCC.DIVQ2Freq_Value=129000000
ProjectManager.MainLocation=Core/Src
PG8.Mode=CTS_RTS
PA6.Mode=Full_Duplex_Master
SPI2.VirtualNSS=VM_NSSHARD
RCC.SAI1Freq_Value=129000000
RCC.CortexFreq_Value=64000000
ProjectManager.KeepUserCode=true
Mcu.UserName=STM32H723ZGTx
PA15(JTDI).Signal=SPI1_NSS
PC10.Signal=SPI3_SCK
SPI4.Direction=SPI_DIRECTION_2LINES
ProjectManager.functionlistsort=1-SystemClock_Config-RCC-false-HAL-false,0-MX_CORTEX_M7_Init-CORTEX_M7-false-HAL-true
PA11.Mode=CTS_RTS
RCC.VCO2OutputFreq_Value=258000000
PB11.Signal=I2C2_SDA
PD9.Mode=Asynchronous
PG11.Signal=ETH_TX_EN
ProjectManager.StackSize=0x400
RCC.VCOInput3Freq_Value=2000000
PA13(JTMS/SWDIO).Mode=Serial_Wire
Mcu.IP4=I2C2
Mcu.IP5=I2C3
Mcu.IP2=ETH
Mcu.IP3=I2C1
Mcu.IP0=CORTEX_M7
Mcu.IP1=DEBUG
PA12.Signal=USART1_RTS
Mcu.UserConstants=
SPI4.Mode=SPI_MODE_MASTER
RCC.DIVP3Freq_Value=129000000
RCC.SDMMCFreq_Value=129000000
Mcu.ThirdPartyNb=0
RCC.HCLKFreq_Value=64000000
Mcu.IPNb=22
ProjectManager.PreviousToolchain=
RCC.SPDIFRXFreq_Value=129000000
Mcu.Pin6=PF0
Mcu.Pin7=PF1
Mcu.Pin8=PF6
Mcu.Pin9=PF7
SPI4.IPParameters=VirtualType,Mode,Direction,CalculateBaudRate,VirtualNSS
PC2_C.Signal=SPI2_MISO
PH0-OSC_IN.Mode=HSE-External-Oscillator
Mcu.Pin0=PE2
Mcu.Pin1=PE4
PD5.Mode=Asynchronous
Mcu.Pin2=PE5
Mcu.Pin3=PE6
Mcu.Pin4=PC14-OSC32_IN
Mcu.Pin5=PC15-OSC32_OUT
RCC.DIVR3Freq_Value=129000000
NVIC.DebugMonitor_IRQn=true\:0\:0\:false\:false\:true\:false\:false
Mcu.IP10=SPI1
USART2.VirtualMode-Asynchronous=VM_ASYNC
NVIC.SysTick_IRQn=true\:0\:0\:false\:false\:true\:false\:true
Mcu.IP12=SPI3
Mcu.IP11=SPI2
Mcu.IP18=USART1
Mcu.IP17=UART7
Mcu.IP19=USART2
RCC.DIVP1Freq_Value=129000000
Mcu.IP14=SPI5
PF9.Mode=CTS_RTS
Mcu.IP13=SPI4
Mcu.IP16=UART4
Mcu.IP15=SYS
PC14-OSC32_IN.Mode=LSE-External-Oscillator
PF11.Signal=SPI5_MOSI
File.Version=6
PB7.Signal=I2C1_SDA
Mcu.IP21=USART6
Mcu.IP20=USART3
PG13.Mode=CTS_RTS
PE4.Mode=NSS_Signal_Hard_Output
PE4.Signal=SPI4_NSS
ProjectManager.ProjectName=OTB-Backplane
PF15.Mode=I2C
RCC.APB3Freq_Value=64000000
PH1-OSC_OUT.Mode=HSE-External-Oscillator
PA6.Signal=SPI1_MISO
PB12.Mode=RMII
ProjectManager.ToolChainLocation=
PF8.Signal=SPI5_MISO
RCC.DIVR1Freq_Value=129000000
SPI3.IPParameters=VirtualType,Mode,Direction,CalculateBaudRate,VirtualNSS
SPI2.Direction=SPI_DIRECTION_2LINES
PF0.Signal=I2C5_SDA
PC5.Signal=ETH_RXD1
PE7.Signal=UART7_RX
RCC.Tim2OutputFreq_Value=64000000
RCC.DFSDMACLkFreq_Value=129000000
PA3.Signal=USART2_RX
PC15-OSC32_OUT.Mode=LSE-External-Oscillator
PA7.Mode=RMII
PA10.Mode=Asynchronous
ProjectManager.NoMain=false
SPI1.IPParameters=VirtualType,Mode,Direction,CalculateBaudRate,VirtualNSS
USART6.IPParameters=VirtualMode-Asynchronous
PC11.Signal=SPI3_MISO
RCC.SAI4BFreq_Value=129000000
PC4.Signal=ETH_RXD0
PC10.Mode=Full_Duplex_Master
ProjectManager.DefaultFWLocation=true
PD9.Signal=USART3_RX
PD5.Signal=USART2_TX
ProjectManager.DeletePrevious=true
SPI5.Mode=SPI_MODE_MASTER
RCC.FamilyName=M
RCC.SPI6Freq_Value=64000000
USART1.VirtualMode-Asynchronous=VM_ASYNC
PF7.Mode=Full_Duplex_Master
PA9.Mode=Asynchronous
RCC.SPI45Freq_Value=64000000
PF6.Signal=SPI5_NSS
ProjectManager.TargetToolchain=STM32CubeIDE
RCC.VCO1OutputFreq_Value=258000000
RCC.AXIClockFreq_Value=64000000
SPI2.IPParameters=VirtualType,Mode,Direction,CalculateBaudRate,VirtualNSS
ProjectManager.RegisterCallBack=
RCC.USBFreq_Value=129000000
PC15-OSC32_OUT.Signal=RCC_OSC32_OUT
PA1.Signal=ETH_REF_CLK
RCC.CKPERFreq_Value=64000000
PB0.Mode=CTS_RTS
SPI5.VirtualNSS=VM_NSSHARD
board=custom
PG12.Mode=RMII
RCC.VCOInput1Freq_Value=2000000
RCC.APB2Freq_Value=64000000
SPI3.CalculateBaudRate=64.5 MBits/s
MxCube.Version=6.2.1
RCC.FDCANFreq_Value=129000000
PF14.Mode=I2C
PE5.Mode=Full_Duplex_Master
RCC.ADCFreq_Value=129000000
VP_SYS_VS_Systick.Mode=SysTick
PH1-OSC_OUT.Signal=RCC_OSC_OUT
PF15.Signal=I2C4_SDA
SPI4.CalculateBaudRate=32.0 MBits/s
PF1.Signal=I2C5_SCL
PE6.Signal=SPI4_MOSI
RCC.IPParameters=ADCFreq_Value,AHB12Freq_Value,AHB4Freq_Value,APB1Freq_Value,APB2Freq_Value,APB3Freq_Value,APB4Freq_Value,AXIClockFreq_Value,CECFreq_Value,CKPERFreq_Value,CortexFreq_Value,CpuClockFreq_Value,D1CPREFreq_Value,DFSDMACLkFreq_Value,DFSDMFreq_Value,DIVP1Freq_Value,DIVP2Freq_Value,DIVP3Freq_Value,DIVQ1Freq_Value,DIVQ2Freq_Value,DIVQ3Freq_Value,DIVR1Freq_Value,DIVR2Freq_Value,DIVR3Freq_Value,FDCANFreq_Value,FMCFreq_Value,FamilyName,HCLK3ClockFreq_Value,HCLKFreq_Value,I2C123Freq_Value,I2C4Freq_Value,LPTIM1Freq_Value,LPTIM2Freq_Value,LPTIM345Freq_Value,LPUART1Freq_Value,LTDCFreq_Value,MCO1PinFreq_Value,MCO2PinFreq_Value,QSPIFreq_Value,RNGFreq_Value,RTCFreq_Value,SAI1Freq_Value,SAI4AFreq_Value,SAI4BFreq_Value,SDMMCFreq_Value,SPDIFRXFreq_Value,SPI123Freq_Value,SPI45Freq_Value,SPI6Freq_Value,SWPMI1Freq_Value,SYSCLKFreq_VALUE,Tim1OutputFreq_Value,Tim2OutputFreq_Value,TraceFreq_Value,USART16Freq_Value,USART234578Freq_Value,USBFreq_Value,VCO1OutputFreq_Value,VCO2OutputFreq_Value,VCO3OutputFreq_Value,VCOInput1Freq_Value,VCOInput2Freq_Value,VCOInput3Freq_Value
ProjectManager.AskForMigrate=true
Mcu.Name=STM32H723ZGTx
PD0.Mode=Asynchronous
PA2.Signal=ETH_MDIO
Mcu.IP8=NVIC
Mcu.IP9=RCC
Mcu.IP6=I2C4
Mcu.IP7=I2C5
ProjectManager.CoupleFile=false
RCC.SYSCLKFreq_VALUE=64000000
PE7.Mode=Asynchronous
RCC.I2C123Freq_Value=64000000
PA12.Mode=CTS_RTS
KeepUserPlacement=false
PB2.Mode=Full_Duplex_Master
PB7.Mode=I2C
PF0.Mode=I2C
RCC.SAI4AFreq_Value=129000000
PC3_C.Signal=SPI2_MOSI
RCC.DIVQ1Freq_Value=129000000
PA2.Mode=RMII
PC9.Signal=I2C3_SDA
PC7.Mode=Asynchronous
RCC.VCOInput2Freq_Value=2000000
RCC.APB1Freq_Value=64000000
ProjectManager.DeviceId=STM32H723ZGTx
PB12.Signal=ETH_TXD0
ProjectManager.LibraryCopy=1
SPI5.Direction=SPI_DIRECTION_2LINES
PA7.Signal=ETH_CRS_DV
